
Microsoft Visual Studio Solution File, Format Version 12.00
# Visual Studio 15
VisualStudioVersion = 15.0.26730.15
MinimumVisualStudioVersion = 10.0.40219.1
Project("{FAE04EC0-301F-11D3-BF4B-00C04F79EFBC}") = "Assignment002", "Assignment002\Assignment002.csproj", "{5F1E66D1-0360-47C8-B930-B970EFC0C9F4}"
EndProject
Global
	GlobalSection(SolutionConfigurationPlatforms) = preSolution
		Debug|Any CPU = Debug|Any CPU
		Release|Any CPU = Release|Any CPU
	EndGlobalSection
	GlobalSection(ProjectConfigurationPlatforms) = postSolution
		{5F1E66D1-0360-47C8-B930-B970EFC0C9F4}.Debug|Any CPU.ActiveCfg = Debug|Any CPU
		{5F1E66D1-0360-47C8-B930-B970EFC0C9F4}.Debug|Any CPU.Build.0 = Debug|Any CPU
		{5F1E66D1-0360-47C8-B930-B970EFC0C9F4}.Release|Any CPU.ActiveCfg = Release|Any CPU
		{5F1E66D1-0360-47C8-B930-B970EFC0C9F4}.Release|Any CPU.Build.0 = Release|Any CPU
	EndGlobalSection
	GlobalSection(SolutionProperties) = preSolution
		HideSolutionNode = FALSE
	EndGlobalSection
	GlobalSection(ExtensibilityGlobals) = postSolution
		SolutionGuid = {1BBE53FE-3E11-450E-9530-432A2D7471DE}
	EndGlobalSection
EndGlobal
